// !$*UTF8*$!
{
	archiveVersion = 1;
	classes = {
	};
	objectVersion = 51;
	objects = {

/* Begin PBXBuildFile section */
		6F00D087254E5DFB00DD7043 /* AppDelegate.swift in Sources */ = {isa = PBXBuildFile; fileRef = 6F00D086254E5DFB00DD7043 /* AppDelegate.swift */; };
		6F00D089254E5DFB00DD7043 /* SceneDelegate.swift in Sources */ = {isa = PBXBuildFile; fileRef = 6F00D088254E5DFB00DD7043 /* SceneDelegate.swift */; };
		6F00D08B254E5DFB00DD7043 /* ViewController.swift in Sources */ = {isa = PBXBuildFile; fileRef = 6F00D08A254E5DFB00DD7043 /* ViewController.swift */; };
		6F00D08E254E5DFB00DD7043 /* Main.storyboard in Resources */ = {isa = PBXBuildFile; fileRef = 6F00D08C254E5DFB00DD7043 /* Main.storyboard */; };
		6F00D090254E5DFE00DD7043 /* Assets.xcassets in Resources */ = {isa = PBXBuildFile; fileRef = 6F00D08F254E5DFE00DD7043 /* Assets.xcassets */; };
		6F00D093254E5DFE00DD7043 /* LaunchScreen.storyboard in Resources */ = {isa = PBXBuildFile; fileRef = 6F00D091254E5DFE00DD7043 /* LaunchScreen.storyboard */; };
		6F00D0BA254E617000DD7043 /* StockProfile.swift in Sources */ = {isa = PBXBuildFile; fileRef = 6F00D0B9254E617000DD7043 /* StockProfile.swift */; };
		6F00D0BF254E61C400DD7043 /* Constants.swift in Sources */ = {isa = PBXBuildFile; fileRef = 6F00D0BE254E61C400DD7043 /* Constants.swift */; };
		CCD0D83FF0E816B5CFD1655C /* Pods_YaliStock.framework in Frameworks */ = {isa = PBXBuildFile; fileRef = DC4B124D886AC07459C93381 /* Pods_YaliStock.framework */; };
/* End PBXBuildFile section */

/* Begin PBXContainerItemProxy section */
		6F00D09A254E5DFE00DD7043 /* PBXContainerItemProxy */ = {
			isa = PBXContainerItemProxy;
			containerPortal = 6F00D07B254E5DFB00DD7043 /* Project object */;
			proxyType = 1;
			remoteGlobalIDString = 6F00D082254E5DFB00DD7043;
			remoteInfo = YaliStock;
		};
		6F00D0A5254E5DFE00DD7043 /* PBXContainerItemProxy */ = {
			isa = PBXContainerItemProxy;
			containerPortal = 6F00D07B254E5DFB00DD7043 /* Project object */;
			proxyType = 1;
			remoteGlobalIDString = 6F00D082254E5DFB00DD7043;
			remoteInfo = YaliStock;
		};
/* End PBXContainerItemProxy section */

/* Begin PBXFileReference section */
		6F00D083254E5DFB00DD7043 /* YaliStock.app */ = {isa = PBXFileReference; explicitFileType = wrapper.application; includeInIndex = 0; path = YaliStock.app; sourceTree = BUILT_PRODUCTS_DIR; };
		6F00D086254E5DFB00DD7043 /* AppDelegate.swift */ = {isa = PBXFileReference; lastKnownFileType = sourcecode.swift; path = AppDelegate.swift; sourceTree = "<group>"; };
		6F00D088254E5DFB00DD7043 /* SceneDelegate.swift */ = {isa = PBXFileReference; lastKnownFileType = sourcecode.swift; path = SceneDelegate.swift; sourceTree = "<group>"; };
		6F00D08A254E5DFB00DD7043 /* ViewController.swift */ = {isa = PBXFileReference; lastKnownFileType = sourcecode.swift; path = ViewController.swift; sourceTree = "<group>"; };
		6F00D08D254E5DFB00DD7043 /* Base */ = {isa = PBXFileReference; lastKnownFileType = file.storyboard; name = Base; path = Base.lproj/Main.storyboard; sourceTree = "<group>"; };
		6F00D08F254E5DFE00DD7043 /* Assets.xcassets */ = {isa = PBXFileReference; lastKnownFileType = folder.assetcatalog; path = Assets.xcassets; sourceTree = "<group>"; };
		6F00D092254E5DFE00DD7043 /* Base */ = {isa = PBXFileReference; lastKnownFileType = file.storyboard; name = Base; path = Base.lproj/LaunchScreen.storyboard; sourceTree = "<group>"; };
		6F00D094254E5DFE00DD7043 /* Info.plist */ = {isa = PBXFileReference; lastKnownFileType = text.plist.xml; path = Info.plist; sourceTree = "<group>"; };
		6F00D099254E5DFE00DD7043 /* YaliStockTests.xctest */ = {isa = PBXFileReference; explicitFileType = wrapper.cfbundle; includeInIndex = 0; path = YaliStockTests.xctest; sourceTree = BUILT_PRODUCTS_DIR; };
		6F00D0A4254E5DFE00DD7043 /* YaliStockUITests.xctest */ = {isa = PBXFileReference; explicitFileType = wrapper.cfbundle; includeInIndex = 0; path = YaliStockUITests.xctest; sourceTree = BUILT_PRODUCTS_DIR; };
		6F00D0B9254E617000DD7043 /* StockProfile.swift */ = {isa = PBXFileReference; lastKnownFileType = sourcecode.swift; path = StockProfile.swift; sourceTree = "<group>"; };
		6F00D0BE254E61C400DD7043 /* Constants.swift */ = {isa = PBXFileReference; lastKnownFileType = sourcecode.swift; path = Constants.swift; sourceTree = "<group>"; };
		AC4E926203E33B1F16ED8D80 /* Pods-YaliStock.debug.xcconfig */ = {isa = PBXFileReference; includeInIndex = 1; lastKnownFileType = text.xcconfig; name = "Pods-YaliStock.debug.xcconfig"; path = "Target Support Files/Pods-YaliStock/Pods-YaliStock.debug.xcconfig"; sourceTree = "<group>"; };
		D8690AA50F509766D08A2BCF /* Pods-YaliStock.release.xcconfig */ = {isa = PBXFileReference; includeInIndex = 1; lastKnownFileType = text.xcconfig; name = "Pods-YaliStock.release.xcconfig"; path = "Target Support Files/Pods-YaliStock/Pods-YaliStock.release.xcconfig"; sourceTree = "<group>"; };
		DC4B124D886AC07459C93381 /* Pods_YaliStock.framework */ = {isa = PBXFileReference; explicitFileType = wrapper.framework; includeInIndex = 0; path = Pods_YaliStock.framework; sourceTree = BUILT_PRODUCTS_DIR; };
/* End PBXFileReference section */

/* Begin PBXFrameworksBuildPhase section */
		6F00D080254E5DFB00DD7043 /* Frameworks */ = {
			isa = PBXFrameworksBuildPhase;
			buildActionMask = 2147483647;
			files = (
				CCD0D83FF0E816B5CFD1655C /* Pods_YaliStock.framework in Frameworks */,
			);
			runOnlyForDeploymentPostprocessing = 0;
		};
		6F00D096254E5DFE00DD7043 /* Frameworks */ = {
			isa = PBXFrameworksBuildPhase;
			buildActionMask = 2147483647;
			files = (
			);
			runOnlyForDeploymentPostprocessing = 0;
		};
		6F00D0A1254E5DFE00DD7043 /* Frameworks */ = {
			isa = PBXFrameworksBuildPhase;
			buildActionMask = 2147483647;
			files = (
			);
			runOnlyForDeploymentPostprocessing = 0;
		};
/* End PBXFrameworksBuildPhase section */

/* Begin PBXGroup section */
		08BE95BA8D8F61B93C1099FB /* Frameworks */ = {
			isa = PBXGroup;
			children = (
				DC4B124D886AC07459C93381 /* Pods_YaliStock.framework */,
			);
			name = Frameworks;
			sourceTree = "<group>";
		};
		6F00D07A254E5DFB00DD7043 = {
			isa = PBXGroup;
			children = (
				6F00D085254E5DFB00DD7043 /* YaliStock */,
				6F00D084254E5DFB00DD7043 /* Products */,
				B9C23215BBEC4E28EA95D4BE /* Pods */,
				08BE95BA8D8F61B93C1099FB /* Frameworks */,
			);
			sourceTree = "<group>";
		};
		6F00D084254E5DFB00DD7043 /* Products */ = {
			isa = PBXGroup;
			children = (
				6F00D083254E5DFB00DD7043 /* YaliStock.app */,
				6F00D099254E5DFE00DD7043 /* YaliStockTests.xctest */,
				6F00D0A4254E5DFE00DD7043 /* YaliStockUITests.xctest */,
			);
			name = Products;
			sourceTree = "<group>";
		};
		6F00D085254E5DFB00DD7043 /* YaliStock */ = {
			isa = PBXGroup;
			children = (
				6F00D086254E5DFB00DD7043 /* AppDelegate.swift */,
				6F00D088254E5DFB00DD7043 /* SceneDelegate.swift */,
				6F00D08A254E5DFB00DD7043 /* ViewController.swift */,
				6F00D0BE254E61C400DD7043 /* Constants.swift */,
				6F00D0B9254E617000DD7043 /* StockProfile.swift */,
				6F00D08C254E5DFB00DD7043 /* Main.storyboard */,
				6F00D08F254E5DFE00DD7043 /* Assets.xcassets */,
				6F00D091254E5DFE00DD7043 /* LaunchScreen.storyboard */,
				6F00D094254E5DFE00DD7043 /* Info.plist */,
			);
			path = YaliStock;
			sourceTree = "<group>";
		};
		B9C23215BBEC4E28EA95D4BE /* Pods */ = {
			isa = PBXGroup;
			children = (
				AC4E926203E33B1F16ED8D80 /* Pods-YaliStock.debug.xcconfig */,
				D8690AA50F509766D08A2BCF /* Pods-YaliStock.release.xcconfig */,
			);
			path = Pods;
			sourceTree = "<group>";
		};
/* End PBXGroup section */

/* Begin PBXNativeTarget section */
		6F00D082254E5DFB00DD7043 /* YaliStock */ = {
			isa = PBXNativeTarget;
			buildConfigurationList = 6F00D0AD254E5DFE00DD7043 /* Build configuration list for PBXNativeTarget "YaliStock" */;
			buildPhases = (
				B97D3A80408F50DD212A35E1 /* [CP] Check Pods Manifest.lock */,
				6F00D07F254E5DFB00DD7043 /* Sources */,
				6F00D080254E5DFB00DD7043 /* Frameworks */,
				6F00D081254E5DFB00DD7043 /* Resources */,
				2A4AD6B8EBA461C42DBB9E38 /* [CP] Embed Pods Frameworks */,
			);
			buildRules = (
			);
			dependencies = (
			);
			name = YaliStock;
			productName = YaliStock;
			productReference = 6F00D083254E5DFB00DD7043 /* YaliStock.app */;
			productType = "com.apple.product-type.application";
		};
		6F00D098254E5DFE00DD7043 /* YaliStockTests */ = {
			isa = PBXNativeTarget;
			buildConfigurationList = 6F00D0B0254E5DFE00DD7043 /* Build configuration list for PBXNativeTarget "YaliStockTests" */;
			buildPhases = (
				6F00D095254E5DFE00DD7043 /* Sources */,
				6F00D096254E5DFE00DD7043 /* Frameworks */,
				6F00D097254E5DFE00DD7043 /* Resources */,
			);
			buildRules = (
			);
			dependencies = (
				6F00D09B254E5DFE00DD7043 /* PBXTargetDependency */,
			);
			name = YaliStockTests;
			productName = YaliStockTests;
			productReference = 6F00D099254E5DFE00DD7043 /* YaliStockTests.xctest */;
			productType = "com.apple.product-type.bundle.unit-test";
		};
		6F00D0A3254E5DFE00DD7043 /* YaliStockUITests */ = {
			isa = PBXNativeTarget;
			buildConfigurationList = 6F00D0B3254E5DFE00DD7043 /* Build configuration list for PBXNativeTarget "YaliStockUITests" */;
			buildPhases = (
				6F00D0A0254E5DFE00DD7043 /* Sources */,
				6F00D0A1254E5DFE00DD7043 /* Frameworks */,
				6F00D0A2254E5DFE00DD7043 /* Resources */,
			);
			buildRules = (
			);
			dependencies = (
				6F00D0A6254E5DFE00DD7043 /* PBXTargetDependency */,
			);
			name = YaliStockUITests;
			productName = YaliStockUITests;
			productReference = 6F00D0A4254E5DFE00DD7043 /* YaliStockUITests.xctest */;
			productType = "com.apple.product-type.bundle.ui-testing";
		};
/* End PBXNativeTarget section */

/* Begin PBXProject section */
		6F00D07B254E5DFB00DD7043 /* Project object */ = {
			isa = PBXProject;
			attributes = {
				LastSwiftUpdateCheck = 1210;
				LastUpgradeCheck = 1210;
				TargetAttributes = {
					6F00D082254E5DFB00DD7043 = {
						CreatedOnToolsVersion = 12.1;
					};
					6F00D098254E5DFE00DD7043 = {
						CreatedOnToolsVersion = 12.1;
						TestTargetID = 6F00D082254E5DFB00DD7043;
					};
					6F00D0A3254E5DFE00DD7043 = {
						CreatedOnToolsVersion = 12.1;
						TestTargetID = 6F00D082254E5DFB00DD7043;
					};
				};
			};
			buildConfigurationList = 6F00D07E254E5DFB00DD7043 /* Build configuration list for PBXProject "YaliStock" */;
			compatibilityVersion = "Xcode 9.3";
			developmentRegion = en;
			hasScannedForEncodings = 0;
			knownRegions = (
				en,
				Base,
			);
			mainGroup = 6F00D07A254E5DFB00DD7043;
			productRefGroup = 6F00D084254E5DFB00DD7043 /* Products */;
			projectDirPath = "";
			projectRoot = "";
			targets = (
				6F00D082254E5DFB00DD7043 /* YaliStock */,
				6F00D098254E5DFE00DD7043 /* YaliStockTests */,
				6F00D0A3254E5DFE00DD7043 /* YaliStockUITests */,
			);
		};
/* End PBXProject section */

/* Begin PBXResourcesBuildPhase section */
		6F00D081254E5DFB00DD7043 /* Resources */ = {
			isa = PBXResourcesBuildPhase;
			buildActionMask = 2147483647;
			files = (
				6F00D093254E5DFE00DD7043 /* LaunchScreen.storyboard in Resources */,
				6F00D090254E5DFE00DD7043 /* Assets.xcassets in Resources */,
				6F00D08E254E5DFB00DD7043 /* Main.storyboard in Resources */,
			);
			runOnlyForDeploymentPostprocessing = 0;
		};
		6F00D097254E5DFE00DD7043 /* Resources */ = {
			isa = PBXResourcesBuildPhase;
			buildActionMask = 2147483647;
			files = (
			);
			runOnlyForDeploymentPostprocessing = 0;
		};
		6F00D0A2254E5DFE00DD7043 /* Resources */ = {
			isa = PBXResourcesBuildPhase;
			buildActionMask = 2147483647;
			files = (
			);
			runOnlyForDeploymentPostprocessing = 0;
		};
/* End PBXResourcesBuildPhase section */

/* Begin PBXShellScriptBuildPhase section */
		2A4AD6B8EBA461C42DBB9E38 /* [CP] Embed Pods Frameworks */ = {
			isa = PBXShellScriptBuildPhase;
			buildActionMask = 2147483647;
			files = (
			);
			inputFileListPaths = (
				"${PODS_ROOT}/Target Support Files/Pods-YaliStock/Pods-YaliStock-frameworks-${CONFIGURATION}-input-files.xcfilelist",
			);
			name = "[CP] Embed Pods Frameworks";
			outputFileListPaths = (
				"${PODS_ROOT}/Target Support Files/Pods-YaliStock/Pods-YaliStock-frameworks-${CONFIGURATION}-output-files.xcfilelist",
			);
			runOnlyForDeploymentPostprocessing = 0;
			shellPath = /bin/sh;
			shellScript = "\"${PODS_ROOT}/Target Support Files/Pods-YaliStock/Pods-YaliStock-frameworks.sh\"\n";
			showEnvVarsInLog = 0;
		};
		B97D3A80408F50DD212A35E1 /* [CP] Check Pods Manifest.lock */ = {
			isa = PBXShellScriptBuildPhase;
			buildActionMask = 2147483647;
			files = (
			);
			inputFileListPaths = (
			);
			inputPaths = (
				"${PODS_PODFILE_DIR_PATH}/Podfile.lock",
				"${PODS_ROOT}/Manifest.lock",
			);
			name = "[CP] Check Pods Manifest.lock";
			outputFileListPaths = (
			);
			outputPaths = (
				"$(DERIVED_FILE_DIR)/Pods-YaliStock-checkManifestLockResult.txt",
			);
			runOnlyForDeploymentPostprocessing = 0;
			shellPath = /bin/sh;
			shellScript = "diff \"${PODS_PODFILE_DIR_PATH}/Podfile.lock\" \"${PODS_ROOT}/Manifest.lock\" > /dev/null\nif [ $? != 0 ] ; then\n    # print error to STDERR\n    echo \"error: The sandbox is not in sync with the Podfile.lock. Run 'pod install' or update your CocoaPods installation.\" >&2\n    exit 1\nfi\n# This output is used by Xcode 'outputs' to avoid re-running this script phase.\necho \"SUCCESS\" > \"${SCRIPT_OUTPUT_FILE_0}\"\n";
			showEnvVarsInLog = 0;
		};
/* End PBXShellScriptBuildPhase section */

/* Begin PBXSourcesBuildPhase section */
		6F00D07F254E5DFB00DD7043 /* Sources */ = {
			isa = PBXSourcesBuildPhase;
			buildActionMask = 2147483647;
			files = (
				6F00D0BF254E61C400DD7043 /* Constants.swift in Sources */,
				6F00D08B254E5DFB00DD7043 /* ViewController.swift in Sources */,
				6F00D087254E5DFB00DD7043 /* AppDelegate.swift in Sources */,
				6F00D0BA254E617000DD7043 /* StockProfile.swift in Sources */,
				6F00D089254E5DFB00DD7043 /* SceneDelegate.swift in Sources */,
			);
			runOnlyForDeploymentPostprocessing = 0;
		};
		6F00D095254E5DFE00DD7043 /* Sources */ = {
			isa = PBXSourcesBuildPhase;
			buildActionMask = 2147483647;
			files = (
			);
			runOnlyForDeploymentPostprocessing = 0;
		};
		6F00D0A0254E5DFE00DD7043 /* Sources */ = {
			isa = PBXSourcesBuildPhase;
			buildActionMask = 2147483647;
			files = (
			);
			runOnlyForDeploymentPostprocessing = 0;
		};
/* End PBXSourcesBuildPhase section */

/* Begin PBXTargetDependency section */
		6F00D09B254E5DFE00DD7043 /* PBXTargetDependency */ = {
			isa = PBXTargetDependency;
			target = 6F00D082254E5DFB00DD7043 /* YaliStock */;
			targetProxy = 6F00D09A254E5DFE00DD7043 /* PBXContainerItemProxy */;
		};
		6F00D0A6254E5DFE00DD7043 /* PBXTargetDependency */ = {
			isa = PBXTargetDependency;
			target = 6F00D082254E5DFB00DD7043 /* YaliStock */;
			targetProxy = 6F00D0A5254E5DFE00DD7043 /* PBXContainerItemProxy */;
		};
/* End PBXTargetDependency section */

/* Begin PBXVariantGroup section */
		6F00D08C254E5DFB00DD7043 /* Main.storyboard */ = {
			isa = PBXVariantGroup;
			children = (
				6F00D08D254E5DFB00DD7043 /* Base */,
			);
			name = Main.storyboard;
			sourceTree = "<group>";
		};
		6F00D091254E5DFE00DD7043 /* LaunchScreen.storyboard */ = {
			isa = PBXVariantGroup;
			children = (
				6F00D092254E5DFE00DD7043 /* Base */,
			);
			name = LaunchScreen.storyboard;
			sourceTree = "<group>";
		};
/* End PBXVariantGroup section */

/* Begin XCBuildConfiguration section */
		6F00D0AB254E5DFE00DD7043 /* Debug */ = {
			isa = XCBuildConfiguration;
			buildSettings = {
				ALWAYS_SEARCH_USER_PATHS = NO;
				CLANG_ANALYZER_NONNULL = YES;
				CLANG_ANALYZER_NUMBER_OBJECT_CONVERSION = YES_AGGRESSIVE;
				CLANG_CXX_LANGUAGE_STANDARD = "gnu++14";
				CLANG_CXX_LIBRARY = "libc++";
				CLANG_ENABLE_MODULES = YES;
				CLANG_ENABLE_OBJC_ARC = YES;
				CLANG_ENABLE_OBJC_WEAK = YES;
				CLANG_WARN_BLOCK_CAPTURE_AUTORELEASING = YES;
				CLANG_WARN_BOOL_CONVERSION = YES;
				CLANG_WARN_COMMA = YES;
				CLANG_WARN_CONSTANT_CONVERSION = YES;
				CLANG_WARN_DEPRECATED_OBJC_IMPLEMENTATIONS = YES;
				CLANG_WARN_DIRECT_OBJC_ISA_USAGE = YES_ERROR;
				CLANG_WARN_DOCUMENTATION_COMMENTS = YES;
				CLANG_WARN_EMPTY_BODY = YES;
				CLANG_WARN_ENUM_CONVERSION = YES;
				CLANG_WARN_INFINITE_RECURSION = YES;
				CLANG_WARN_INT_CONVERSION = YES;
				CLANG_WARN_NON_LITERAL_NULL_CONVERSION = YES;
				CLANG_WARN_OBJC_IMPLICIT_RETAIN_SELF = YES;
				CLANG_WARN_OBJC_LITERAL_CONVERSION = YES;
				CLANG_WARN_OBJC_ROOT_CLASS = YES_ERROR;
				CLANG_WARN_QUOTED_INCLUDE_IN_FRAMEWORK_HEADER = YES;
				CLANG_WARN_RANGE_LOOP_ANALYSIS = YES;
				CLANG_WARN_STRICT_PROTOTYPES = YES;
				CLANG_WARN_SUSPICIOUS_MOVE = YES;
				CLANG_WARN_UNGUARDED_AVAILABILITY = YES_AGGRESSIVE;
				CLANG_WARN_UNREACHABLE_CODE = YES;
				CLANG_WARN__DUPLICATE_METHOD_MATCH = YES;
				COPY_PHASE_STRIP = NO;
				DEBUG_INFORMATION_FORMAT = dwarf;
				ENABLE_STRICT_OBJC_MSGSEND = YES;
				ENABLE_TESTABILITY = YES;
				GCC_C_LANGUAGE_STANDARD = gnu11;
				GCC_DYNAMIC_NO_PIC = NO;
				GCC_NO_COMMON_BLOCKS = YES;
				GCC_OPTIMIZATION_LEVEL = 0;
				GCC_PREPROCESSOR_DEFINITIONS = (
					"DEBUG=1",
					"$(inherited)",
				);
				GCC_WARN_64_TO_32_BIT_CONVERSION = YES;
				GCC_WARN_ABOUT_RETURN_TYPE = YES_ERROR;
				GCC_WARN_UNDECLARED_SELECTOR = YES;
				GCC_WARN_UNINITIALIZED_AUTOS = YES_AGGRESSIVE;
				GCC_WARN_UNUSED_FUNCTION = YES;
				GCC_WARN_UNUSED_VARIABLE = YES;
				IPHONEOS_DEPLOYMENT_TARGET = 14.1;
				MTL_ENABLE_DEBUG_INFO = INCLUDE_SOURCE;
				MTL_FAST_MATH = YES;
				ONLY_ACTIVE_ARCH = YES;
				SDKROOT = iphoneos;
				SWIFT_ACTIVE_COMPILATION_CONDITIONS = DEBUG;
				SWIFT_OPTIMIZATION_LEVEL = "-Onone";
			};
			name = Debug;
		};
		6F00D0AC254E5DFE00DD7043 /* Release */ = {
			isa = XCBuildConfiguration;
			buildSettings = {
				ALWAYS_SEARCH_USER_PATHS = NO;
				CLANG_ANALYZER_NONNULL = YES;
				CLANG_ANALYZER_NUMBER_OBJECT_CONVERSION = YES_AGGRESSIVE;
				CLANG_CXX_LANGUAGE_STANDARD = "gnu++14";
				CLANG_CXX_LIBRARY = "libc++";
				CLANG_ENABLE_MODULES = YES;
				CLANG_ENABLE_OBJC_ARC = YES;
				CLANG_ENABLE_OBJC_WEAK = YES;
				CLANG_WARN_BLOCK_CAPTURE_AUTORELEASING = YES;
				CLANG_WARN_BOOL_CONVERSION = YES;
				CLANG_WARN_COMMA = YES;
				CLANG_WARN_CONSTANT_CONVERSION = YES;
				CLANG_WARN_DEPRECATED_OBJC_IMPLEMENTATIONS = YES;
				CLANG_WARN_DIRECT_OBJC_ISA_USAGE = YES_ERROR;
				CLANG_WARN_DOCUMENTATION_COMMENTS = YES;
				CLANG_WARN_EMPTY_BODY = YES;
				CLANG_WARN_ENUM_CONVERSION = YES;
				CLANG_WARN_INFINITE_RECURSION = YES;
				CLANG_WARN_INT_CONVERSION = YES;
				CLANG_WARN_NON_LITERAL_NULL_CONVERSION = YES;
				CLANG_WARN_OBJC_IMPLICIT_RETAIN_SELF = YES;
				CLANG_WARN_OBJC_LITERAL_CONVERSION = YES;
				CLANG_WARN_OBJC_ROOT_CLASS = YES_ERROR;
				CLANG_WARN_QUOTED_INCLUDE_IN_FRAMEWORK_HEADER = YES;
				CLANG_WARN_RANGE_LOOP_ANALYSIS = YES;
				CLANG_WARN_STRICT_PROTOTYPES = YES;
				CLANG_WARN_SUSPICIOUS_MOVE = YES;
				CLANG_WARN_UNGUARDED_AVAILABILITY = YES_AGGRESSIVE;
				CLANG_WARN_UNREACHABLE_CODE = YES;
				CLANG_WARN__DUPLICATE_METHOD_MATCH = YES;
				COPY_PHASE_STRIP = NO;
				DEBUG_INFORMATION_FORMAT = "dwarf-with-dsym";
				ENABLE_NS_ASSERTIONS = NO;
				ENABLE_STRICT_OBJC_MSGSEND = YES;
				GCC_C_LANGUAGE_STANDARD = gnu11;
				GCC_NO_COMMON_BLOCKS = YES;
				GCC_WARN_64_TO_32_BIT_CONVERSION = YES;
				GCC_WARN_ABOUT_RETURN_TYPE = YES_ERROR;
				GCC_WARN_UNDECLARED_SELECTOR = YES;
				GCC_WARN_UNINITIALIZED_AUTOS = YES_AGGRESSIVE;
				GCC_WARN_UNUSED_FUNCTION = YES;
				GCC_WARN_UNUSED_VARIABLE = YES;
				IPHONEOS_DEPLOYMENT_TARGET = 14.1;
				MTL_ENABLE_DEBUG_INFO = NO;
				MTL_FAST_MATH = YES;
				SDKROOT = iphoneos;
				SWIFT_COMPILATION_MODE = wholemodule;
				SWIFT_OPTIMIZATION_LEVEL = "-O";
				VALIDATE_PRODUCT = YES;
			};
			name = Release;
		};
		6F00D0AE254E5DFE00DD7043 /* Debug */ = {
			isa = XCBuildConfiguration;
			baseConfigurationReference = AC4E926203E33B1F16ED8D80 /* Pods-YaliStock.debug.xcconfig */;
			buildSettings = {
				ASSETCATALOG_COMPILER_APPICON_NAME = AppIcon;
				ASSETCATALOG_COMPILER_GLOBAL_ACCENT_COLOR_NAME = AccentColor;
				CODE_SIGN_STYLE = Automatic;
				INFOPLIST_FILE = YaliStock/Info.plist;
				LD_RUNPATH_SEARCH_PATHS = (
					"$(inherited)",
					"@executable_path/Frameworks",
				);
				PRODUCT_BUNDLE_IDENTIFIER = org.neu.info6350.YaliStock;
				PRODUCT_NAME = "$(TARGET_NAME)";
				SWIFT_VERSION = 5.0;
				TARGETED_DEVICE_FAMILY = "1,2";
			};
			name = Debug;
		};
		6F00D0AF254E5DFE00DD7043 /* Release */ = {
			isa = XCBuildConfiguration;
			baseConfigurationReference = D8690AA50F509766D08A2BCF /* Pods-YaliStock.release.xcconfig */;
			buildSettings = {
				ASSETCATALOG_COMPILER_APPICON_NAME = AppIcon;
				ASSETCATALOG_COMPILER_GLOBAL_ACCENT_COLOR_NAME = AccentColor;
				CODE_SIGN_STYLE = Automatic;
				INFOPLIST_FILE = YaliStock/Info.plist;
				LD_RUNPATH_SEARCH_PATHS = (
					"$(inherited)",
					"@executable_path/Frameworks",
				);
				PRODUCT_BUNDLE_IDENTIFIER = org.neu.info6350.YaliStock;
				PRODUCT_NAME = "$(TARGET_NAME)";
				SWIFT_VERSION = 5.0;
				TARGETED_DEVICE_FAMILY = "1,2";
			};
			name = Release;
		};
		6F00D0B1254E5DFE00DD7043 /* Debug */ = {
			isa = XCBuildConfiguration;
			buildSettings = {
				ALWAYS_EMBED_SWIFT_STANDARD_LIBRARIES = YES;
				BUNDLE_LOADER = "$(TEST_HOST)";
				CODE_SIGN_STYLE = Automatic;
				INFOPLIST_FILE = YaliStockTests/Info.plist;
				IPHONEOS_DEPLOYMENT_TARGET = 14.1;
				LD_RUNPATH_SEARCH_PATHS = (
					"$(inherited)",
					"@executable_path/Frameworks",
					"@loader_path/Frameworks",
				);
				PRODUCT_BUNDLE_IDENTIFIER = org.neu.info6350.YaliStockTests;
				PRODUCT_NAME = "$(TARGET_NAME)";
				SWIFT_VERSION = 5.0;
				TARGETED_DEVICE_FAMILY = "1,2";
				TEST_HOST = "$(BUILT_PRODUCTS_DIR)/YaliStock.app/YaliStock";
			};
			name = Debug;
		};
		6F00D0B2254E5DFE00DD7043 /* Release */ = {
			isa = XCBuildConfiguration;
			buildSettings = {
				ALWAYS_EMBED_SWIFT_STANDARD_LIBRARIES = YES;
				BUNDLE_LOADER = "$(TEST_HOST)";
				CODE_SIGN_STYLE = Automatic;
				INFOPLIST_FILE = YaliStockTests/Info.plist;
				IPHONEOS_DEPLOYMENT_TARGET = 14.1;
				LD_RUNPATH_SEARCH_PATHS = (
					"$(inherited)",
					"@executable_path/Frameworks",
					"@loader_path/Frameworks",
				);
				PRODUCT_BUNDLE_IDENTIFIER = org.neu.info6350.YaliStockTests;
				PRODUCT_NAME = "$(TARGET_NAME)";
				SWIFT_VERSION = 5.0;
				TARGETED_DEVICE_FAMILY = "1,2";
				TEST_HOST = "$(BUILT_PRODUCTS_DIR)/YaliStock.app/YaliStock";
			};
			name = Release;
		};
		6F00D0B4254E5DFE00DD7043 /* Debug */ = {
			isa = XCBuildConfiguration;
			buildSettings = {
				ALWAYS_EMBED_SWIFT_STANDARD_LIBRARIES = YES;
				CODE_SIGN_STYLE = Automatic;
				INFOPLIST_FILE = YaliStockUITests/Info.plist;
				LD_RUNPATH_SEARCH_PATHS = (
					"$(inherited)",
					"@executable_path/Frameworks",
					"@loader_path/Frameworks",
				);
				PRODUCT_BUNDLE_IDENTIFIER = org.neu.info6350.YaliStockUITests;
				PRODUCT_NAME = "$(TARGET_NAME)";
				SWIFT_VERSION = 5.0;
				TARGETED_DEVICE_FAMILY = "1,2";
				TEST_TARGET_NAME = YaliStock;
			};
			name = Debug;
		};
		6F00D0B5254E5DFE00DD7043 /* Release */ = {
			isa = XCBuildConfiguration;
			buildSettings = {
				ALWAYS_EMBED_SWIFT_STANDARD_LIBRARIES = YES;
				CODE_SIGN_STYLE = Automatic;
				INFOPLIST_FILE = YaliStockUITests/Info.plist;
				LD_RUNPATH_SEARCH_PATHS = (
					"$(inherited)",
					"@executable_path/Frameworks",
					"@loader_path/Frameworks",
				);
				PRODUCT_BUNDLE_IDENTIFIER = org.neu.info6350.YaliStockUITests;
				PRODUCT_NAME = "$(TARGET_NAME)";
				SWIFT_VERSION = 5.0;
				TARGETED_DEVICE_FAMILY = "1,2";
				TEST_TARGET_NAME = YaliStock;
			};
			name = Release;
		};
/* End XCBuildConfiguration section */

/* Begin XCConfigurationList section */
		6F00D07E254E5DFB00DD7043 /* Build configuration list for PBXProject "YaliStock" */ = {
			isa = XCConfigurationList;
			buildConfigurations = (
				6F00D0AB254E5DFE00DD7043 /* Debug */,
				6F00D0AC254E5DFE00DD7043 /* Release */,
			);
			defaultConfigurationIsVisible = 0;
			defaultConfigurationName = Release;
		};
		6F00D0AD254E5DFE00DD7043 /* Build configuration list for PBXNativeTarget "YaliStock" */ = {
			isa = XCConfigurationList;
			buildConfigurations = (
				6F00D0AE254E5DFE00DD7043 /* Debug */,
				6F00D0AF254E5DFE00DD7043 /* Release */,
			);
			defaultConfigurationIsVisible = 0;
			defaultConfigurationName = Release;
		};
		6F00D0B0254E5DFE00DD7043 /* Build configuration list for PBXNativeTarget "YaliStockTests" */ = {
			isa = XCConfigurationList;
			buildConfigurations = (
				6F00D0B1254E5DFE00DD7043 /* Debug */,
				6F00D0B2254E5DFE00DD7043 /* Release */,
			);
			defaultConfigurationIsVisible = 0;
			defaultConfigurationName = Release;
		};
		6F00D0B3254E5DFE00DD7043 /* Build configuration list for PBXNativeTarget "YaliStockUITests" */ = {
			isa = XCConfigurationList;
			buildConfigurations = (
				6F00D0B4254E5DFE00DD7043 /* Debug */,
				6F00D0B5254E5DFE00DD7043 /* Release */,
			);
			defaultConfigurationIsVisible = 0;
			defaultConfigurationName = Release;
		};
/* End XCConfigurationList section */
	};
	rootObject = 6F00D07B254E5DFB00DD7043 /* Project object */;
}
