// !$*UTF8*$!
{
	archiveVersion = 1;
	classes = {
	};
	objectVersion = 50;
	objects = {

/* Begin PBXBuildFile section */
		04785F0324C25BF60039A080 /* AppDelegate.swift in Sources */ = {isa = PBXBuildFile; fileRef = 04785F0224C25BF60039A080 /* AppDelegate.swift */; };
		04785F0524C25BF60039A080 /* SceneDelegate.swift in Sources */ = {isa = PBXBuildFile; fileRef = 04785F0424C25BF60039A080 /* SceneDelegate.swift */; };
		04785F0F24C25BF80039A080 /* Assets.xcassets in Resources */ = {isa = PBXBuildFile; fileRef = 04785F0E24C25BF80039A080 /* Assets.xcassets */; };
		04785F1224C25BF80039A080 /* LaunchScreen.storyboard in Resources */ = {isa = PBXBuildFile; fileRef = 04785F1024C25BF80039A080 /* LaunchScreen.storyboard */; };
		04785F2224C25C1B0039A080 /* MovieDetailsViewController.swift in Sources */ = {isa = PBXBuildFile; fileRef = 04785F1924C25C1B0039A080 /* MovieDetailsViewController.swift */; };
		04785F2324C25C1B0039A080 /* MovieCell.swift in Sources */ = {isa = PBXBuildFile; fileRef = 04785F1B24C25C1B0039A080 /* MovieCell.swift */; };
		04785F2424C25C1B0039A080 /* MovieCell.xib in Resources */ = {isa = PBXBuildFile; fileRef = 04785F1C24C25C1B0039A080 /* MovieCell.xib */; };
		04785F2524C25C1B0039A080 /* ViewController.swift in Sources */ = {isa = PBXBuildFile; fileRef = 04785F1D24C25C1B0039A080 /* ViewController.swift */; };
		04785F2624C25C1B0039A080 /* Main.storyboard in Resources */ = {isa = PBXBuildFile; fileRef = 04785F1E24C25C1B0039A080 /* Main.storyboard */; };
		04785F2724C25C1B0039A080 /* VariablesHelper.swift in Sources */ = {isa = PBXBuildFile; fileRef = 04785F2024C25C1B0039A080 /* VariablesHelper.swift */; };
		04785F2824C25C1B0039A080 /* RequestHelper.swift in Sources */ = {isa = PBXBuildFile; fileRef = 04785F2124C25C1B0039A080 /* RequestHelper.swift */; };
/* End PBXBuildFile section */

/* Begin PBXFileReference section */
		04785EFF24C25BF60039A080 /* SampleMovieListApp.app */ = {isa = PBXFileReference; explicitFileType = wrapper.application; includeInIndex = 0; path = SampleMovieListApp.app; sourceTree = BUILT_PRODUCTS_DIR; };
		04785F0224C25BF60039A080 /* AppDelegate.swift */ = {isa = PBXFileReference; lastKnownFileType = sourcecode.swift; path = AppDelegate.swift; sourceTree = "<group>"; };
		04785F0424C25BF60039A080 /* SceneDelegate.swift */ = {isa = PBXFileReference; lastKnownFileType = sourcecode.swift; path = SceneDelegate.swift; sourceTree = "<group>"; };
		04785F0C24C25BF60039A080 /* SampleMovieListApp.xcdatamodel */ = {isa = PBXFileReference; lastKnownFileType = wrapper.xcdatamodel; path = SampleMovieListApp.xcdatamodel; sourceTree = "<group>"; };
		04785F0E24C25BF80039A080 /* Assets.xcassets */ = {isa = PBXFileReference; lastKnownFileType = folder.assetcatalog; path = Assets.xcassets; sourceTree = "<group>"; };
		04785F1124C25BF80039A080 /* Base */ = {isa = PBXFileReference; lastKnownFileType = file.storyboard; name = Base; path = Base.lproj/LaunchScreen.storyboard; sourceTree = "<group>"; };
		04785F1324C25BF80039A080 /* Info.plist */ = {isa = PBXFileReference; lastKnownFileType = text.plist.xml; path = Info.plist; sourceTree = "<group>"; };
		04785F1924C25C1B0039A080 /* MovieDetailsViewController.swift */ = {isa = PBXFileReference; fileEncoding = 4; lastKnownFileType = sourcecode.swift; path = MovieDetailsViewController.swift; sourceTree = "<group>"; };
		04785F1B24C25C1B0039A080 /* MovieCell.swift */ = {isa = PBXFileReference; fileEncoding = 4; lastKnownFileType = sourcecode.swift; path = MovieCell.swift; sourceTree = "<group>"; };
		04785F1C24C25C1B0039A080 /* MovieCell.xib */ = {isa = PBXFileReference; fileEncoding = 4; lastKnownFileType = file.xib; path = MovieCell.xib; sourceTree = "<group>"; };
		04785F1D24C25C1B0039A080 /* ViewController.swift */ = {isa = PBXFileReference; fileEncoding = 4; lastKnownFileType = sourcecode.swift; path = ViewController.swift; sourceTree = "<group>"; };
		04785F1E24C25C1B0039A080 /* Main.storyboard */ = {isa = PBXFileReference; fileEncoding = 4; lastKnownFileType = file.storyboard; path = Main.storyboard; sourceTree = "<group>"; };
		04785F2024C25C1B0039A080 /* VariablesHelper.swift */ = {isa = PBXFileReference; fileEncoding = 4; lastKnownFileType = sourcecode.swift; path = VariablesHelper.swift; sourceTree = "<group>"; };
		04785F2124C25C1B0039A080 /* RequestHelper.swift */ = {isa = PBXFileReference; fileEncoding = 4; lastKnownFileType = sourcecode.swift; path = RequestHelper.swift; sourceTree = "<group>"; };
/* End PBXFileReference section */

/* Begin PBXFrameworksBuildPhase section */
		04785EFC24C25BF60039A080 /* Frameworks */ = {
			isa = PBXFrameworksBuildPhase;
			buildActionMask = 2147483647;
			files = (
			);
			runOnlyForDeploymentPostprocessing = 0;
		};
/* End PBXFrameworksBuildPhase section */

/* Begin PBXGroup section */
		04785EF624C25BF60039A080 = {
			isa = PBXGroup;
			children = (
				04785F0124C25BF60039A080 /* SampleMovieListApp */,
				04785F0024C25BF60039A080 /* Products */,
			);
			sourceTree = "<group>";
		};
		04785F0024C25BF60039A080 /* Products */ = {
			isa = PBXGroup;
			children = (
				04785EFF24C25BF60039A080 /* SampleMovieListApp.app */,
			);
			name = Products;
			sourceTree = "<group>";
		};
		04785F0124C25BF60039A080 /* SampleMovieListApp */ = {
			isa = PBXGroup;
			children = (
				04785F2924C25C280039A080 /* ViewController */,
				04785F1A24C25C1B0039A080 /* MovieCell */,
				04785F1F24C25C1B0039A080 /* Helper */,
				04785F0224C25BF60039A080 /* AppDelegate.swift */,
				04785F1E24C25C1B0039A080 /* Main.storyboard */,
				04785F0424C25BF60039A080 /* SceneDelegate.swift */,
				04785F0E24C25BF80039A080 /* Assets.xcassets */,
				04785F1024C25BF80039A080 /* LaunchScreen.storyboard */,
				04785F1324C25BF80039A080 /* Info.plist */,
				04785F0B24C25BF60039A080 /* SampleMovieListApp.xcdatamodeld */,
			);
			path = SampleMovieListApp;
			sourceTree = "<group>";
		};
		04785F1A24C25C1B0039A080 /* MovieCell */ = {
			isa = PBXGroup;
			children = (
				04785F1B24C25C1B0039A080 /* MovieCell.swift */,
				04785F1C24C25C1B0039A080 /* MovieCell.xib */,
			);
			path = MovieCell;
			sourceTree = "<group>";
		};
		04785F1F24C25C1B0039A080 /* Helper */ = {
			isa = PBXGroup;
			children = (
				04785F2024C25C1B0039A080 /* VariablesHelper.swift */,
				04785F2124C25C1B0039A080 /* RequestHelper.swift */,
			);
			path = Helper;
			sourceTree = "<group>";
		};
		04785F2924C25C280039A080 /* ViewController */ = {
			isa = PBXGroup;
			children = (
				04785F1D24C25C1B0039A080 /* ViewController.swift */,
				04785F1924C25C1B0039A080 /* MovieDetailsViewController.swift */,
			);
			path = ViewController;
			sourceTree = "<group>";
		};
/* End PBXGroup section */

/* Begin PBXNativeTarget section */
		04785EFE24C25BF60039A080 /* SampleMovieListApp */ = {
			isa = PBXNativeTarget;
			buildConfigurationList = 04785F1624C25BF80039A080 /* Build configuration list for PBXNativeTarget "SampleMovieListApp" */;
			buildPhases = (
				04785EFB24C25BF60039A080 /* Sources */,
				04785EFC24C25BF60039A080 /* Frameworks */,
				04785EFD24C25BF60039A080 /* Resources */,
			);
			buildRules = (
			);
			dependencies = (
			);
			name = SampleMovieListApp;
			productName = SampleMovieListApp;
			productReference = 04785EFF24C25BF60039A080 /* SampleMovieListApp.app */;
			productType = "com.apple.product-type.application";
		};
/* End PBXNativeTarget section */

/* Begin PBXProject section */
		04785EF724C25BF60039A080 /* Project object */ = {
			isa = PBXProject;
			attributes = {
				LastSwiftUpdateCheck = 1150;
				LastUpgradeCheck = 1150;
				ORGANIZATIONNAME = mac;
				TargetAttributes = {
					04785EFE24C25BF60039A080 = {
						CreatedOnToolsVersion = 11.5;
					};
				};
			};
			buildConfigurationList = 04785EFA24C25BF60039A080 /* Build configuration list for PBXProject "SampleMovieListApp" */;
			compatibilityVersion = "Xcode 9.3";
			developmentRegion = en;
			hasScannedForEncodings = 0;
			knownRegions = (
				en,
				Base,
			);
			mainGroup = 04785EF624C25BF60039A080;
			productRefGroup = 04785F0024C25BF60039A080 /* Products */;
			projectDirPath = "";
			projectRoot = "";
			targets = (
				04785EFE24C25BF60039A080 /* SampleMovieListApp */,
			);
		};
/* End PBXProject section */

/* Begin PBXResourcesBuildPhase section */
		04785EFD24C25BF60039A080 /* Resources */ = {
			isa = PBXResourcesBuildPhase;
			buildActionMask = 2147483647;
			files = (
				04785F2424C25C1B0039A080 /* MovieCell.xib in Resources */,
				04785F1224C25BF80039A080 /* LaunchScreen.storyboard in Resources */,
				04785F0F24C25BF80039A080 /* Assets.xcassets in Resources */,
				04785F2624C25C1B0039A080 /* Main.storyboard in Resources */,
			);
			runOnlyForDeploymentPostprocessing = 0;
		};
/* End PBXResourcesBuildPhase section */

/* Begin PBXSourcesBuildPhase section */
		04785EFB24C25BF60039A080 /* Sources */ = {
			isa = PBXSourcesBuildPhase;
			buildActionMask = 2147483647;
			files = (
				04785F2524C25C1B0039A080 /* ViewController.swift in Sources */,
				04785F2224C25C1B0039A080 /* MovieDetailsViewController.swift in Sources */,
				04785F0324C25BF60039A080 /* AppDelegate.swift in Sources */,
				04785F2724C25C1B0039A080 /* VariablesHelper.swift in Sources */,
				04785F2324C25C1B0039A080 /* MovieCell.swift in Sources */,
				04785F0524C25BF60039A080 /* SceneDelegate.swift in Sources */,
				04785F2824C25C1B0039A080 /* RequestHelper.swift in Sources */,
			);
			runOnlyForDeploymentPostprocessing = 0;
		};
/* End PBXSourcesBuildPhase section */

/* Begin PBXVariantGroup section */
		04785F1024C25BF80039A080 /* LaunchScreen.storyboard */ = {
			isa = PBXVariantGroup;
			children = (
				04785F1124C25BF80039A080 /* Base */,
			);
			name = LaunchScreen.storyboard;
			sourceTree = "<group>";
		};
/* End PBXVariantGroup section */

/* Begin XCBuildConfiguration section */
		04785F1424C25BF80039A080 /* Debug */ = {
			isa = XCBuildConfiguration;
			buildSettings = {
				ALWAYS_SEARCH_USER_PATHS = NO;
				CLANG_ANALYZER_NONNULL = YES;
				CLANG_ANALYZER_NUMBER_OBJECT_CONVERSION = YES_AGGRESSIVE;
				CLANG_CXX_LANGUAGE_STANDARD = "gnu++14";
				CLANG_CXX_LIBRARY = "libc++";
				CLANG_ENABLE_MODULES = YES;
				CLANG_ENABLE_OBJC_ARC = YES;
				CLANG_ENABLE_OBJC_WEAK = YES;
				CLANG_WARN_BLOCK_CAPTURE_AUTORELEASING = YES;
				CLANG_WARN_BOOL_CONVERSION = YES;
				CLANG_WARN_COMMA = YES;
				CLANG_WARN_CONSTANT_CONVERSION = YES;
				CLANG_WARN_DEPRECATED_OBJC_IMPLEMENTATIONS = YES;
				CLANG_WARN_DIRECT_OBJC_ISA_USAGE = YES_ERROR;
				CLANG_WARN_DOCUMENTATION_COMMENTS = YES;
				CLANG_WARN_EMPTY_BODY = YES;
				CLANG_WARN_ENUM_CONVERSION = YES;
				CLANG_WARN_INFINITE_RECURSION = YES;
				CLANG_WARN_INT_CONVERSION = YES;
				CLANG_WARN_NON_LITERAL_NULL_CONVERSION = YES;
				CLANG_WARN_OBJC_IMPLICIT_RETAIN_SELF = YES;
				CLANG_WARN_OBJC_LITERAL_CONVERSION = YES;
				CLANG_WARN_OBJC_ROOT_CLASS = YES_ERROR;
				CLANG_WARN_RANGE_LOOP_ANALYSIS = YES;
				CLANG_WARN_STRICT_PROTOTYPES = YES;
				CLANG_WARN_SUSPICIOUS_MOVE = YES;
				CLANG_WARN_UNGUARDED_AVAILABILITY = YES_AGGRESSIVE;
				CLANG_WARN_UNREACHABLE_CODE = YES;
				CLANG_WARN__DUPLICATE_METHOD_MATCH = YES;
				COPY_PHASE_STRIP = NO;
				DEBUG_INFORMATION_FORMAT = dwarf;
				ENABLE_STRICT_OBJC_MSGSEND = YES;
				ENABLE_TESTABILITY = YES;
				GCC_C_LANGUAGE_STANDARD = gnu11;
				GCC_DYNAMIC_NO_PIC = NO;
				GCC_NO_COMMON_BLOCKS = YES;
				GCC_OPTIMIZATION_LEVEL = 0;
				GCC_PREPROCESSOR_DEFINITIONS = (
					"DEBUG=1",
					"$(inherited)",
				);
				GCC_WARN_64_TO_32_BIT_CONVERSION = YES;
				GCC_WARN_ABOUT_RETURN_TYPE = YES_ERROR;
				GCC_WARN_UNDECLARED_SELECTOR = YES;
				GCC_WARN_UNINITIALIZED_AUTOS = YES_AGGRESSIVE;
				GCC_WARN_UNUSED_FUNCTION = YES;
				GCC_WARN_UNUSED_VARIABLE = YES;
				IPHONEOS_DEPLOYMENT_TARGET = 13.5;
				MTL_ENABLE_DEBUG_INFO = INCLUDE_SOURCE;
				MTL_FAST_MATH = YES;
				ONLY_ACTIVE_ARCH = YES;
				SDKROOT = iphoneos;
				SWIFT_ACTIVE_COMPILATION_CONDITIONS = DEBUG;
				SWIFT_OPTIMIZATION_LEVEL = "-Onone";
			};
			name = Debug;
		};
		04785F1524C25BF80039A080 /* Release */ = {
			isa = XCBuildConfiguration;
			buildSettings = {
				ALWAYS_SEARCH_USER_PATHS = NO;
				CLANG_ANALYZER_NONNULL = YES;
				CLANG_ANALYZER_NUMBER_OBJECT_CONVERSION = YES_AGGRESSIVE;
				CLANG_CXX_LANGUAGE_STANDARD = "gnu++14";
				CLANG_CXX_LIBRARY = "libc++";
				CLANG_ENABLE_MODULES = YES;
				CLANG_ENABLE_OBJC_ARC = YES;
				CLANG_ENABLE_OBJC_WEAK = YES;
				CLANG_WARN_BLOCK_CAPTURE_AUTORELEASING = YES;
				CLANG_WARN_BOOL_CONVERSION = YES;
				CLANG_WARN_COMMA = YES;
				CLANG_WARN_CONSTANT_CONVERSION = YES;
				CLANG_WARN_DEPRECATED_OBJC_IMPLEMENTATIONS = YES;
				CLANG_WARN_DIRECT_OBJC_ISA_USAGE = YES_ERROR;
				CLANG_WARN_DOCUMENTATION_COMMENTS = YES;
				CLANG_WARN_EMPTY_BODY = YES;
				CLANG_WARN_ENUM_CONVERSION = YES;
				CLANG_WARN_INFINITE_RECURSION = YES;
				CLANG_WARN_INT_CONVERSION = YES;
				CLANG_WARN_NON_LITERAL_NULL_CONVERSION = YES;
				CLANG_WARN_OBJC_IMPLICIT_RETAIN_SELF = YES;
				CLANG_WARN_OBJC_LITERAL_CONVERSION = YES;
				CLANG_WARN_OBJC_ROOT_CLASS = YES_ERROR;
				CLANG_WARN_RANGE_LOOP_ANALYSIS = YES;
				CLANG_WARN_STRICT_PROTOTYPES = YES;
				CLANG_WARN_SUSPICIOUS_MOVE = YES;
				CLANG_WARN_UNGUARDED_AVAILABILITY = YES_AGGRESSIVE;
				CLANG_WARN_UNREACHABLE_CODE = YES;
				CLANG_WARN__DUPLICATE_METHOD_MATCH = YES;
				COPY_PHASE_STRIP = NO;
				DEBUG_INFORMATION_FORMAT = "dwarf-with-dsym";
				ENABLE_NS_ASSERTIONS = NO;
				ENABLE_STRICT_OBJC_MSGSEND = YES;
				GCC_C_LANGUAGE_STANDARD = gnu11;
				GCC_NO_COMMON_BLOCKS = YES;
				GCC_WARN_64_TO_32_BIT_CONVERSION = YES;
				GCC_WARN_ABOUT_RETURN_TYPE = YES_ERROR;
				GCC_WARN_UNDECLARED_SELECTOR = YES;
				GCC_WARN_UNINITIALIZED_AUTOS = YES_AGGRESSIVE;
				GCC_WARN_UNUSED_FUNCTION = YES;
				GCC_WARN_UNUSED_VARIABLE = YES;
				IPHONEOS_DEPLOYMENT_TARGET = 13.5;
				MTL_ENABLE_DEBUG_INFO = NO;
				MTL_FAST_MATH = YES;
				SDKROOT = iphoneos;
				SWIFT_COMPILATION_MODE = wholemodule;
				SWIFT_OPTIMIZATION_LEVEL = "-O";
				VALIDATE_PRODUCT = YES;
			};
			name = Release;
		};
		04785F1724C25BF80039A080 /* Debug */ = {
			isa = XCBuildConfiguration;
			buildSettings = {
				ASSETCATALOG_COMPILER_APPICON_NAME = AppIcon;
				CODE_SIGN_STYLE = Automatic;
				DEVELOPMENT_TEAM = WWDGU6Y7MG;
				INFOPLIST_FILE = SampleMovieListApp/Info.plist;
				LD_RUNPATH_SEARCH_PATHS = (
					"$(inherited)",
					"@executable_path/Frameworks",
				);
				PRODUCT_BUNDLE_IDENTIFIER = sample.MovieApp;
				PRODUCT_NAME = "$(TARGET_NAME)";
				SWIFT_VERSION = 5.0;
				TARGETED_DEVICE_FAMILY = "1,2";
			};
			name = Debug;
		};
		04785F1824C25BF80039A080 /* Release */ = {
			isa = XCBuildConfiguration;
			buildSettings = {
				ASSETCATALOG_COMPILER_APPICON_NAME = AppIcon;
				CODE_SIGN_STYLE = Automatic;
				DEVELOPMENT_TEAM = WWDGU6Y7MG;
				INFOPLIST_FILE = SampleMovieListApp/Info.plist;
				LD_RUNPATH_SEARCH_PATHS = (
					"$(inherited)",
					"@executable_path/Frameworks",
				);
				PRODUCT_BUNDLE_IDENTIFIER = sample.MovieApp;
				PRODUCT_NAME = "$(TARGET_NAME)";
				SWIFT_VERSION = 5.0;
				TARGETED_DEVICE_FAMILY = "1,2";
			};
			name = Release;
		};
/* End XCBuildConfiguration section */

/* Begin XCConfigurationList section */
		04785EFA24C25BF60039A080 /* Build configuration list for PBXProject "SampleMovieListApp" */ = {
			isa = XCConfigurationList;
			buildConfigurations = (
				04785F1424C25BF80039A080 /* Debug */,
				04785F1524C25BF80039A080 /* Release */,
			);
			defaultConfigurationIsVisible = 0;
			defaultConfigurationName = Release;
		};
		04785F1624C25BF80039A080 /* Build configuration list for PBXNativeTarget "SampleMovieListApp" */ = {
			isa = XCConfigurationList;
			buildConfigurations = (
				04785F1724C25BF80039A080 /* Debug */,
				04785F1824C25BF80039A080 /* Release */,
			);
			defaultConfigurationIsVisible = 0;
			defaultConfigurationName = Release;
		};
/* End XCConfigurationList section */

/* Begin XCVersionGroup section */
		04785F0B24C25BF60039A080 /* SampleMovieListApp.xcdatamodeld */ = {
			isa = XCVersionGroup;
			children = (
				04785F0C24C25BF60039A080 /* SampleMovieListApp.xcdatamodel */,
			);
			currentVersion = 04785F0C24C25BF60039A080 /* SampleMovieListApp.xcdatamodel */;
			path = SampleMovieListApp.xcdatamodeld;
			sourceTree = "<group>";
			versionGroupType = wrapper.xcdatamodel;
		};
/* End XCVersionGroup section */
	};
	rootObject = 04785EF724C25BF60039A080 /* Project object */;
}
